{
    "_readme": [
        "This file locks the dependencies of your project to a known state",
        "Read more about it at https://getcomposer.org/doc/01-basic-usage.md#composer-lock-the-lock-file",
        "This file is @generated automatically"
    ],
    "content-hash": "5cea4f68e2c99df06911dfb583c2e7ee",
    "packages": [
        {
            "name": "datto/json-rpc",
            "version": "6.1.0",
            "source": {
                "type": "git",
                "url": "https://github.com/datto/php-json-rpc.git",
                "reference": "ad4d735f48d80c6b53f7405e5007d97c996533f6"
            },
            "dist": {
                "type": "zip",
                "url": "https://api.github.com/repos/datto/php-json-rpc/zipball/ad4d735f48d80c6b53f7405e5007d97c996533f6",
                "reference": "ad4d735f48d80c6b53f7405e5007d97c996533f6",
                "shasum": ""
            },
            "require": {
                "php": ">=7.0.0"
            },
            "require-dev": {
                "phpunit/phpunit": "^6.5"
            },
            "type": "library",
            "autoload": {
                "psr-4": {
                    "Datto\\JsonRpc\\": "src"
                }
            },
            "notification-url": "https://packagist.org/downloads/",
            "license": [
                "LGPL-3.0+"
            ],
            "authors": [
                {
                    "name": "Spencer Mortensen",
                    "email": "smortensen@datto.com",
                    "homepage": "http://spencermortensen.com",
                    "role": "Developer"
                }
            ],
            "description": "Fully unit-tested JSON-RPC 2.0 for PHP",
            "homepage": "http://datto.com",
            "keywords": [
                "json",
                "json-rpc",
                "jsonrpc",
                "php",
                "php-json-rpc",
                "rpc"
            ],
            "time": "2020-02-28T23:54:06+00:00"
        },
        {
            "name": "datto/json-rpc-http",
            "version": "dev-master",
            "source": {
                "type": "git",
                "url": "https://github.com/datto/php-json-rpc-http.git",
                "reference": "db15a075f3562c4e8d297b9082acc5b2869bd4b4"
            },
            "dist": {
                "type": "zip",
                "url": "https://api.github.com/repos/datto/php-json-rpc-http/zipball/db15a075f3562c4e8d297b9082acc5b2869bd4b4",
                "reference": "db15a075f3562c4e8d297b9082acc5b2869bd4b4",
                "shasum": ""
            },
            "require": {
                "datto/json-rpc": "~6.1",
                "php": ">=7.0.0"
            },
            "type": "library",
            "autoload": {
                "psr-4": {
                    "Datto\\JsonRpc\\Http\\Examples\\": "examples/src",
                    "Datto\\JsonRpc\\Http\\": "src"
                }
            },
            "notification-url": "https://packagist.org/downloads/",
            "license": [
                "LGPL-3.0+"
            ],
            "authors": [
                {
                    "name": "Spencer Mortensen",
                    "email": "smortensen@datto.com",
                    "homepage": "http://spencermortensen.com",
                    "role": "Developer"
                }
            ],
            "description": "HTTP client and server for JSON-RPC 2.0",
            "homepage": "http://datto.com",
            "keywords": [
                "client",
                "http",
                "json",
                "json-rpc",
                "jsonrpc",
                "php",
                "php-json-rpc",
                "rpc",
                "server"
            ],
            "time": "2020-03-02T21:27:10+00:00"
        },
        {
            "name": "digitaldonkey/ecverify",
            "version": "1.0",
            "source": {
                "type": "git",
                "url": "https://github.com/digitaldonkey/ecverify.git",
                "reference": "fe873f7c1d9662bac9fb6d379d1212954b35dcce"
            },
            "dist": {
                "type": "zip",
                "url": "https://api.github.com/repos/digitaldonkey/ecverify/zipball/fe873f7c1d9662bac9fb6d379d1212954b35dcce",
                "reference": "fe873f7c1d9662bac9fb6d379d1212954b35dcce",
                "shasum": ""
            },
            "require": {
                "kornrunner/keccak": "^1.0",
                "php": ">=7",
                "simplito/elliptic-php": "^1.0"
            },
            "require-dev": {
                "phpunit/phpunit": "^4.0 || ^5.0"
            },
            "type": "library",
            "autoload": {
                "psr-4": {
                    "Ethereum\\": "src/"
                }
            },
            "notification-url": "https://packagist.org/downloads/",
            "license": [
                "MIT"
            ],
            "authors": [
                {
                    "name": "Thorsten Krug",
                    "email": "thorsten.krug@consensys.net"
                }
            ],
            "description": "A library integrating Ethereum with typed PHP.",
            "time": "2018-05-18T17:55:12+00:00"
        },
        {
            "name": "digitaldonkey/ethereum-php",
            "version": "dev-master",
            "source": {
                "type": "git",
                "url": "https://github.com/digitaldonkey/ethereum-php.git",
                "reference": "f61d788622e8ff92902abc25b9eb2ef4b57bc02a"
            },
            "require": {
                "digitaldonkey/ecverify": "1.0",
                "ext-json": "*",
                "graze/guzzle-jsonrpc": "~3.0",
                "kornrunner/keccak": "^1.0",
                "pear/math_biginteger": "^1.0",
                "php": ">=7.1"
            },
            "require-dev": {
                "gossi/php-code-generator": "^0.5.0",
                "phpunit/phpunit": "^4.0 || ^5.0"
            },
            "type": "library",
            "autoload": {
                "psr-4": {
                    "Ethereum\\": "src/"
                }
            },
            "scripts": {
                "generate-methods": [
                    "php scripts/generate-methods.php"
                ],
                "generate-complex-datatypes": [
                    "php scripts/generate-complex-datatypes.php"
                ]
            },
            "license": [
                "MIT"
            ],
            "authors": [
                {
                    "name": "Thorsten Krug",
                    "email": "thorsten.krug@consensys.net"
                }
            ],
            "description": "A library integrating Ethereum with typed PHP.",
            "time": "2019-07-19T13:47:02+00:00"
        },
        {
            "name": "fgrosse/phpasn1",
            "version": "2.1.x-dev",
            "source": {
                "type": "git",
                "url": "https://github.com/fgrosse/PHPASN1.git",
                "reference": "734e1a94dfb292199f4f285be99a5645ea66fb58"
            },
            "dist": {
                "type": "zip",
                "url": "https://api.github.com/repos/fgrosse/PHPASN1/zipball/734e1a94dfb292199f4f285be99a5645ea66fb58",
                "reference": "734e1a94dfb292199f4f285be99a5645ea66fb58",
                "shasum": ""
            },
            "require": {
                "php": ">=7.0.0"
            },
            "require-dev": {
                "phpunit/phpunit": "~6.3",
                "satooshi/php-coveralls": "~2.0"
            },
            "suggest": {
                "ext-gmp": "GMP is the preferred extension for big integer calculations",
                "php-curl": "For loading OID information from the web if they have not bee defined statically"
            },
            "type": "library",
            "extra": {
                "branch-alias": {
                    "dev-master": "2.0.x-dev"
                }
            },
            "autoload": {
                "psr-4": {
                    "FG\\": "lib/"
                }
            },
            "notification-url": "https://packagist.org/downloads/",
            "license": [
                "MIT"
            ],
            "authors": [
                {
                    "name": "Friedrich Große",
                    "email": "friedrich.grosse@gmail.com",
                    "homepage": "https://github.com/FGrosse",
                    "role": "Author"
                },
                {
                    "name": "All contributors",
                    "homepage": "https://github.com/FGrosse/PHPASN1/contributors"
                }
            ],
            "description": "A PHP Framework that allows you to encode and decode arbitrary ASN.1 structures using the ITU-T X.690 Encoding Rules.",
            "homepage": "https://github.com/FGrosse/PHPASN1",
            "keywords": [
                "DER",
                "asn.1",
                "asn1",
                "ber",
                "binary",
                "decoding",
                "encoding",
                "x.509",
                "x.690",
                "x509",
                "x690"
            ],
            "time": "2018-03-31T08:32:19+00:00"
        },
        {
            "name": "graze/guzzle-jsonrpc",
            "version": "3.2.1",
            "source": {
                "type": "git",
                "url": "https://github.com/graze/guzzle-jsonrpc.git",
                "reference": "c4513b7659534792b906723158a8388f54275a61"
            },
            "dist": {
                "type": "zip",
                "url": "https://api.github.com/repos/graze/guzzle-jsonrpc/zipball/c4513b7659534792b906723158a8388f54275a61",
                "reference": "c4513b7659534792b906723158a8388f54275a61",
                "shasum": ""
            },
            "require": {
                "guzzlehttp/guzzle": "^6.0",
                "guzzlehttp/promises": "^1.0",
                "php": ">=5.5",
                "psr/http-message": "^1.0"
            },
            "require-dev": {
                "adlawson/timezone": "~1.0",
                "fabpot/php-cs-fixer": "~0.5",
                "mockery/mockery": "~0.9",
                "phpunit/phpunit": "~4.3"
            },
            "type": "library",
            "autoload": {
                "files": [
                    "src/functions_include.php"
                ],
                "psr-4": {
                    "Graze\\GuzzleHttp\\JsonRpc\\": "src"
                }
            },
            "notification-url": "https://packagist.org/downloads/",
            "license": [
                "MIT"
            ],
            "authors": [
                {
                    "name": "Graze tech team",
                    "homepage": "https://github.com/graze/guzzle-jsonrpc/graphs/contributors"
                }
            ],
            "description": "JSON-RPC 2.0 client for Guzzle",
            "homepage": "https://github.com/graze/guzzle-jsonrpc",
            "keywords": [
                "Guzzle",
                "guzzlehttp",
                "http",
                "json",
                "json-rpc",
                "jsonrpc",
                "ring",
                "rpc"
            ],
            "time": "2016-02-16T15:18:21+00:00"
        },
        {
            "name": "guzzlehttp/guzzle",
            "version": "6.5.x-dev",
            "source": {
                "type": "git",
                "url": "https://github.com/guzzle/guzzle.git",
                "reference": "aab4ebd862aa7d04f01a4b51849d657db56d882e"
            },
            "dist": {
                "type": "zip",
                "url": "https://api.github.com/repos/guzzle/guzzle/zipball/aab4ebd862aa7d04f01a4b51849d657db56d882e",
                "reference": "aab4ebd862aa7d04f01a4b51849d657db56d882e",
                "shasum": ""
            },
            "require": {
                "ext-json": "*",
                "guzzlehttp/promises": "^1.0",
                "guzzlehttp/psr7": "^1.6.1",
                "php": ">=5.5",
                "symfony/polyfill-intl-idn": "^1.11"
            },
            "require-dev": {
                "ext-curl": "*",
                "phpunit/phpunit": "^4.8.35 || ^5.7 || ^6.4 || ^7.0",
                "psr/log": "^1.1"
            },
            "suggest": {
                "psr/log": "Required for using the Log middleware"
            },
            "type": "library",
            "extra": {
                "branch-alias": {
                    "dev-master": "6.5-dev"
                }
            },
            "autoload": {
                "psr-4": {
                    "GuzzleHttp\\": "src/"
                },
                "files": [
                    "src/functions_include.php"
                ]
            },
            "notification-url": "https://packagist.org/downloads/",
            "license": [
                "MIT"
            ],
            "authors": [
                {
                    "name": "Michael Dowling",
                    "email": "mtdowling@gmail.com",
                    "homepage": "https://github.com/mtdowling"
                }
            ],
            "description": "Guzzle is a PHP HTTP client library",
            "homepage": "http://guzzlephp.org/",
            "keywords": [
                "client",
                "curl",
                "framework",
                "http",
                "http client",
                "rest",
                "web service"
            ],
            "time": "2020-04-18T10:38:46+00:00"
        },
        {
            "name": "guzzlehttp/promises",
            "version": "dev-master",
            "source": {
                "type": "git",
                "url": "https://github.com/guzzle/promises.git",
                "reference": "89b1a76b7fda5853401297dc4b2a093cba1fda23"
            },
            "dist": {
                "type": "zip",
                "url": "https://api.github.com/repos/guzzle/promises/zipball/89b1a76b7fda5853401297dc4b2a093cba1fda23",
                "reference": "89b1a76b7fda5853401297dc4b2a093cba1fda23",
                "shasum": ""
            },
            "require": {
                "php": ">=5.6"
            },
            "require-dev": {
                "phpunit/phpunit": "^5.7.27 || ^7.5"
            },
            "type": "library",
            "extra": {
                "branch-alias": {
                    "dev-master": "1.4-dev"
                }
            },
            "autoload": {
                "psr-4": {
                    "GuzzleHttp\\Promise\\": "src/"
                },
                "files": [
                    "src/functions_include.php"
                ]
            },
            "notification-url": "https://packagist.org/downloads/",
            "license": [
                "MIT"
            ],
            "authors": [
                {
                    "name": "Michael Dowling",
                    "email": "mtdowling@gmail.com",
                    "homepage": "https://github.com/mtdowling"
                }
            ],
            "description": "Guzzle promises library",
            "keywords": [
                "promise"
            ],
            "time": "2020-02-15T23:33:03+00:00"
        },
        {
            "name": "guzzlehttp/psr7",
            "version": "1.x-dev",
            "source": {
                "type": "git",
                "url": "https://github.com/guzzle/psr7.git",
                "reference": "c73b502efd02beb2602500aa36793fb405e383ac"
            },
            "dist": {
                "type": "zip",
                "url": "https://api.github.com/repos/guzzle/psr7/zipball/c73b502efd02beb2602500aa36793fb405e383ac",
                "reference": "c73b502efd02beb2602500aa36793fb405e383ac",
                "shasum": ""
            },
            "require": {
                "php": ">=5.4.0",
                "psr/http-message": "~1.0",
                "ralouphie/getallheaders": "^2.0.5 || ^3.0.0"
            },
            "provide": {
                "psr/http-message-implementation": "1.0"
            },
            "require-dev": {
                "ext-zlib": "*",
                "phpunit/phpunit": "~4.8.36 || ^5.7.27 || ^6.5.8"
            },
            "suggest": {
                "laminas/laminas-httphandlerrunner": "Emit PSR-7 responses"
            },
            "type": "library",
            "extra": {
                "branch-alias": {
                    "dev-master": "1.6-dev"
                }
            },
            "autoload": {
                "psr-4": {
                    "GuzzleHttp\\Psr7\\": "src/"
                },
                "files": [
                    "src/functions_include.php"
                ]
            },
            "notification-url": "https://packagist.org/downloads/",
            "license": [
                "MIT"
            ],
            "authors": [
                {
                    "name": "Michael Dowling",
                    "email": "mtdowling@gmail.com",
                    "homepage": "https://github.com/mtdowling"
                },
                {
                    "name": "Tobias Schultze",
                    "homepage": "https://github.com/Tobion"
                }
            ],
            "description": "PSR-7 message implementation that also provides common utility methods",
            "keywords": [
                "http",
                "message",
                "psr-7",
                "request",
                "response",
                "stream",
                "uri",
                "url"
            ],
            "time": "2020-02-12T23:13:46+00:00"
        },
        {
            "name": "kornrunner/keccak",
            "version": "1.0.3",
            "source": {
                "type": "git",
                "url": "https://github.com/kornrunner/php-keccak.git",
                "reference": "ad761f528f4d1e3ce378b8a0841e5f82c9973535"
            },
            "dist": {
                "type": "zip",
                "url": "https://api.github.com/repos/kornrunner/php-keccak/zipball/ad761f528f4d1e3ce378b8a0841e5f82c9973535",
                "reference": "ad761f528f4d1e3ce378b8a0841e5f82c9973535",
                "shasum": ""
            },
            "require": {
                "php": ">=7.1.0",
                "symfony/polyfill-mbstring": "^1.8"
            },
            "require-dev": {
                "php-coveralls/php-coveralls": "^2.1",
                "phpunit/phpunit": "~7"
            },
            "type": "library",
            "autoload": {
                "psr-4": {
                    "kornrunner\\": "src"
                }
            },
            "notification-url": "https://packagist.org/downloads/",
            "license": [
                "MIT"
            ],
            "authors": [
                {
                    "name": "Boris Momcilovic",
                    "homepage": "https://github.com/kornrunner/php-keccak"
                }
            ],
            "description": "Pure PHP implementation of Keccak",
            "keywords": [
                "keccak",
                "sha-3",
                "sha3-256"
            ],
            "time": "2018-07-30T22:16:23+00:00"
        },
        {
            "name": "mdanter/ecc",
            "version": "v0.5.2",
            "source": {
                "type": "git",
                "url": "https://github.com/phpecc/phpecc.git",
                "reference": "b95f25cc1bacc83a9f0ccd375900b7cfd343029e"
            },
            "dist": {
                "type": "zip",
                "url": "https://api.github.com/repos/phpecc/phpecc/zipball/b95f25cc1bacc83a9f0ccd375900b7cfd343029e",
                "reference": "b95f25cc1bacc83a9f0ccd375900b7cfd343029e",
                "shasum": ""
            },
            "require": {
                "ext-gmp": "*",
                "fgrosse/phpasn1": "^2.0",
                "php": "^7.0"
            },
            "require-dev": {
                "phpunit/phpunit": "^6.0",
                "squizlabs/php_codesniffer": "^2.0",
                "symfony/yaml": "^2.6|^3.0"
            },
            "type": "library",
            "autoload": {
                "psr-4": {
                    "Mdanter\\Ecc\\": "src/"
                }
            },
            "notification-url": "https://packagist.org/downloads/",
            "license": [
                "MIT"
            ],
            "authors": [
                {
                    "name": "Matyas Danter",
                    "homepage": "http://matejdanter.com/",
                    "role": "Author"
                },
                {
                    "name": "Thibaud Fabre",
                    "email": "thibaud@aztech.io",
                    "homepage": "http://aztech.io",
                    "role": "Maintainer"
                },
                {
                    "name": "Thomas Kerin",
                    "email": "afk11@users.noreply.github.com",
                    "role": "Maintainer"
                }
            ],
            "description": "PHP Elliptic Curve Cryptography library",
            "homepage": "https://github.com/phpecc/phpecc",
            "keywords": [
                "Diffie",
                "ECDSA",
                "Hellman",
                "curve",
                "ecdh",
                "elliptic",
                "nistp192",
                "nistp224",
                "nistp256",
                "nistp384",
                "nistp521",
                "phpecc",
                "secp256k1",
                "secp256r1"
            ],
            "time": "2018-12-03T18:17:01+00:00"
        },
        {
            "name": "pear/math_biginteger",
            "version": "v1.0.3",
            "source": {
                "type": "git",
                "url": "https://github.com/pear/Math_BigInteger.git",
                "reference": "33d4357543037a458fad3e8c837a01b93104e592"
            },
            "dist": {
                "type": "zip",
                "url": "https://api.github.com/repos/pear/Math_BigInteger/zipball/33d4357543037a458fad3e8c837a01b93104e592",
                "reference": "33d4357543037a458fad3e8c837a01b93104e592",
                "shasum": ""
            },
            "require": {
                "ext-pcre": "*",
                "php": ">=4.2.0"
            },
            "suggest": {
                "ext-bcmath": "Allows using the BCMath extension internally for computation. Faster than native implementation.",
                "ext-gmp": "Allows using the GNU Multiple Precision extension internally for computation. If you are doing a lot of computation this is the recommended extension."
            },
            "type": "library",
            "autoload": {
                "psr-0": {
                    "Math_": "./"
                }
            },
            "notification-url": "https://packagist.org/downloads/",
            "license": [
                "MIT"
            ],
            "authors": [
                {
                    "name": "Jim Wigginton",
                    "email": "terrafrost@php.net"
                }
            ],
            "description": "Pure-PHP arbitrary precission integer arithmetic library. If GMP or BCMath are available they are used.",
            "homepage": "https://github.com/pear/Math_BigInteger",
            "keywords": [
                "arbitrary",
                "bcmath",
                "gmp",
                "integer",
                "precision"
            ],
            "time": "2016-04-12T05:46:52+00:00"
        },
        {
            "name": "psr/http-message",
            "version": "dev-master",
            "source": {
                "type": "git",
                "url": "https://github.com/php-fig/http-message.git",
                "reference": "efd67d1dc14a7ef4fc4e518e7dee91c271d524e4"
            },
            "dist": {
                "type": "zip",
                "url": "https://api.github.com/repos/php-fig/http-message/zipball/efd67d1dc14a7ef4fc4e518e7dee91c271d524e4",
                "reference": "efd67d1dc14a7ef4fc4e518e7dee91c271d524e4",
                "shasum": ""
            },
            "require": {
                "php": ">=5.3.0"
            },
            "type": "library",
            "extra": {
                "branch-alias": {
                    "dev-master": "1.0.x-dev"
                }
            },
            "autoload": {
                "psr-4": {
                    "Psr\\Http\\Message\\": "src/"
                }
            },
            "notification-url": "https://packagist.org/downloads/",
            "license": [
                "MIT"
            ],
            "authors": [
                {
                    "name": "PHP-FIG",
                    "homepage": "http://www.php-fig.org/"
                }
            ],
            "description": "Common interface for HTTP messages",
            "homepage": "https://github.com/php-fig/http-message",
            "keywords": [
                "http",
                "http-message",
                "psr",
                "psr-7",
                "request",
                "response"
            ],
            "time": "2019-08-29T13:16:46+00:00"
        },
        {
            "name": "ralouphie/getallheaders",
            "version": "3.0.3",
            "source": {
                "type": "git",
                "url": "https://github.com/ralouphie/getallheaders.git",
                "reference": "120b605dfeb996808c31b6477290a714d356e822"
            },
            "dist": {
                "type": "zip",
                "url": "https://api.github.com/repos/ralouphie/getallheaders/zipball/120b605dfeb996808c31b6477290a714d356e822",
                "reference": "120b605dfeb996808c31b6477290a714d356e822",
                "shasum": ""
            },
            "require": {
                "php": ">=5.6"
            },
            "require-dev": {
                "php-coveralls/php-coveralls": "^2.1",
                "phpunit/phpunit": "^5 || ^6.5"
            },
            "type": "library",
            "autoload": {
                "files": [
                    "src/getallheaders.php"
                ]
            },
            "notification-url": "https://packagist.org/downloads/",
            "license": [
                "MIT"
            ],
            "authors": [
                {
                    "name": "Ralph Khattar",
                    "email": "ralph.khattar@gmail.com"
                }
            ],
            "description": "A polyfill for getallheaders.",
            "time": "2019-03-08T08:55:37+00:00"
        },
        {
            "name": "simplito/bigint-wrapper-php",
            "version": "1.0.0",
            "source": {
                "type": "git",
                "url": "https://github.com/simplito/bigint-wrapper-php.git",
                "reference": "cf21ec76d33f103add487b3eadbd9f5033a25930"
            },
            "dist": {
                "type": "zip",
                "url": "https://api.github.com/repos/simplito/bigint-wrapper-php/zipball/cf21ec76d33f103add487b3eadbd9f5033a25930",
                "reference": "cf21ec76d33f103add487b3eadbd9f5033a25930",
                "shasum": ""
            },
            "type": "library",
            "autoload": {
                "psr-4": {
                    "BI\\": "lib/"
                }
            },
            "notification-url": "https://packagist.org/downloads/",
            "license": [
                "MIT"
            ],
            "authors": [
                {
                    "name": "Simplito Team",
                    "email": "s.smyczynski@simplito.com",
                    "homepage": "https://simplito.com"
                }
            ],
            "description": "Common interface for php_gmp and php_bcmath modules",
            "time": "2018-02-27T12:38:08+00:00"
        },
        {
            "name": "simplito/bn-php",
            "version": "1.1.2",
            "source": {
                "type": "git",
                "url": "https://github.com/simplito/bn-php.git",
                "reference": "e852fcd27e4acbc32459606d7606e45a85e42465"
            },
            "dist": {
                "type": "zip",
                "url": "https://api.github.com/repos/simplito/bn-php/zipball/e852fcd27e4acbc32459606d7606e45a85e42465",
                "reference": "e852fcd27e4acbc32459606d7606e45a85e42465",
                "shasum": ""
            },
            "require": {
                "simplito/bigint-wrapper-php": "~1.0.0"
            },
            "require-dev": {
                "phpunit/phpunit": "*"
            },
            "type": "library",
            "autoload": {
                "psr-4": {
                    "BN\\": "lib/"
                }
            },
            "notification-url": "https://packagist.org/downloads/",
            "license": [
                "MIT"
            ],
            "authors": [
                {
                    "name": "Simplito Team",
                    "email": "s.smyczynski@simplito.com",
                    "homepage": "https://simplito.com"
                }
            ],
            "description": "Big number implementation compatible with bn.js",
            "time": "2018-04-12T11:07:43+00:00"
        },
        {
            "name": "simplito/elliptic-php",
            "version": "1.0.6",
            "source": {
                "type": "git",
                "url": "https://github.com/simplito/elliptic-php.git",
                "reference": "15652609aa55968d56685c2a9120535ccdc00fd9"
            },
            "dist": {
                "type": "zip",
                "url": "https://api.github.com/repos/simplito/elliptic-php/zipball/15652609aa55968d56685c2a9120535ccdc00fd9",
                "reference": "15652609aa55968d56685c2a9120535ccdc00fd9",
                "shasum": ""
            },
            "require": {
                "ext-gmp": "*",
                "simplito/bn-php": "~1.1.0"
            },
            "require-dev": {
                "phpbench/phpbench": "@dev",
                "phpunit/phpunit": "*"
            },
            "type": "library",
            "autoload": {
                "psr-4": {
                    "Elliptic\\": "lib/"
                }
            },
            "notification-url": "https://packagist.org/downloads/",
            "license": [
                "MIT"
            ],
            "authors": [
                {
                    "name": "Simplito Team",
                    "email": "s.smyczynski@simplito.com",
                    "homepage": "https://simplito.com"
                }
            ],
            "description": "Fast elliptic curve cryptography",
            "homepage": "https://github.com/simplito/elliptic-php",
            "keywords": [
                "Curve25519",
                "ECDSA",
                "Ed25519",
                "EdDSA",
                "cryptography",
                "curve",
                "ecc",
                "ecdh",
                "elliptic",
                "nistp192",
                "nistp224",
                "nistp256",
                "nistp384",
                "nistp521",
                "secp256k1"
            ],
            "time": "2019-11-14T13:43:07+00:00"
        },
        {
            "name": "symfony/polyfill-intl-idn",
            "version": "dev-master",
            "source": {
                "type": "git",
                "url": "https://github.com/symfony/polyfill-intl-idn.git",
                "reference": "47bd6aa45beb1cd7c6a16b7d1810133b728bdfcf"
            },
            "dist": {
                "type": "zip",
                "url": "https://api.github.com/repos/symfony/polyfill-intl-idn/zipball/47bd6aa45beb1cd7c6a16b7d1810133b728bdfcf",
                "reference": "47bd6aa45beb1cd7c6a16b7d1810133b728bdfcf",
                "shasum": ""
            },
            "require": {
                "php": ">=5.3.3",
                "symfony/polyfill-mbstring": "^1.3",
                "symfony/polyfill-php72": "^1.10"
            },
            "suggest": {
                "ext-intl": "For best performance"
            },
            "type": "library",
            "extra": {
                "branch-alias": {
                    "dev-master": "1.15-dev"
                }
            },
            "autoload": {
                "psr-4": {
                    "Symfony\\Polyfill\\Intl\\Idn\\": ""
                },
                "files": [
                    "bootstrap.php"
                ]
            },
            "notification-url": "https://packagist.org/downloads/",
            "license": [
                "MIT"
            ],
            "authors": [
                {
                    "name": "Laurent Bassin",
                    "email": "laurent@bassin.info"
                },
                {
                    "name": "Symfony Community",
                    "homepage": "https://symfony.com/contributors"
                }
            ],
            "description": "Symfony polyfill for intl's idn_to_ascii and idn_to_utf8 functions",
            "homepage": "https://symfony.com",
            "keywords": [
                "compatibility",
                "idn",
                "intl",
                "polyfill",
                "portable",
                "shim"
            ],
            "time": "2020-03-09T19:04:49+00:00"
        },
        {
            "name": "symfony/polyfill-mbstring",
            "version": "dev-master",
            "source": {
                "type": "git",
                "url": "https://github.com/symfony/polyfill-mbstring.git",
                "reference": "81ffd3a9c6d707be22e3012b827de1c9775fc5ac"
            },
            "dist": {
                "type": "zip",
                "url": "https://api.github.com/repos/symfony/polyfill-mbstring/zipball/81ffd3a9c6d707be22e3012b827de1c9775fc5ac",
                "reference": "81ffd3a9c6d707be22e3012b827de1c9775fc5ac",
                "shasum": ""
            },
            "require": {
                "php": ">=5.3.3"
            },
            "suggest": {
                "ext-mbstring": "For best performance"
            },
            "type": "library",
            "extra": {
                "branch-alias": {
                    "dev-master": "1.15-dev"
                }
            },
            "autoload": {
                "psr-4": {
                    "Symfony\\Polyfill\\Mbstring\\": ""
                },
                "files": [
                    "bootstrap.php"
                ]
            },
            "notification-url": "https://packagist.org/downloads/",
            "license": [
                "MIT"
            ],
            "authors": [
                {
                    "name": "Nicolas Grekas",
                    "email": "p@tchwork.com"
                },
                {
                    "name": "Symfony Community",
                    "homepage": "https://symfony.com/contributors"
                }
            ],
            "description": "Symfony polyfill for the Mbstring extension",
            "homepage": "https://symfony.com",
            "keywords": [
                "compatibility",
                "mbstring",
                "polyfill",
                "portable",
                "shim"
            ],
            "time": "2020-03-09T19:04:49+00:00"
        },
        {
            "name": "symfony/polyfill-php72",
            "version": "dev-master",
            "source": {
                "type": "git",
                "url": "https://github.com/symfony/polyfill-php72.git",
                "reference": "37b0976c78b94856543260ce09b460a7bc852747"
            },
            "dist": {
                "type": "zip",
                "url": "https://api.github.com/repos/symfony/polyfill-php72/zipball/37b0976c78b94856543260ce09b460a7bc852747",
                "reference": "37b0976c78b94856543260ce09b460a7bc852747",
                "shasum": ""
            },
            "require": {
                "php": ">=5.3.3"
            },
            "type": "library",
            "extra": {
                "branch-alias": {
                    "dev-master": "1.15-dev"
                }
            },
            "autoload": {
                "psr-4": {
                    "Symfony\\Polyfill\\Php72\\": ""
                },
                "files": [
                    "bootstrap.php"
                ]
            },
            "notification-url": "https://packagist.org/downloads/",
            "license": [
                "MIT"
            ],
            "authors": [
                {
                    "name": "Nicolas Grekas",
                    "email": "p@tchwork.com"
                },
                {
                    "name": "Symfony Community",
                    "homepage": "https://symfony.com/contributors"
                }
            ],
            "description": "Symfony polyfill backporting some PHP 7.2+ features to lower PHP versions",
            "homepage": "https://symfony.com",
            "keywords": [
                "compatibility",
                "polyfill",
                "portable",
                "shim"
            ],
            "time": "2020-02-27T09:26:54+00:00"
        }
    ],
    "packages-dev": [],
    "aliases": [],
    "minimum-stability": "dev",
    "stability-flags": {
        "digitaldonkey/ethereum-php": 20,
        "datto/json-rpc-http": 20
    },
    "prefer-stable": false,
    "prefer-lowest": false,
    "platform": [],
    "platform-dev": []
}
